
Microsoft Visual Studio Solution File, Format Version 12.00
# Visual Studio Version 17
VisualStudioVersion = 17.9.34616.47
MinimumVisualStudioVersion = 10.0.40219.1
Project("{FAE04EC0-301F-11D3-BF4B-00C04F79EFBC}") = "LivegramBot", "LivegramBot\LivegramBot.csproj", "{40C441D6-0316-4586-A311-2F71B0213B8C}"
EndProject
Global
	GlobalSection(SolutionConfigurationPlatforms) = preSolution
		Debug|Any CPU = Debug|Any CPU
		Release|Any CPU = Release|Any CPU
	EndGlobalSection
	GlobalSection(ProjectConfigurationPlatforms) = postSolution
		{40C441D6-0316-4586-A311-2F71B0213B8C}.Debug|Any CPU.ActiveCfg = Debug|Any CPU
		{40C441D6-0316-4586-A311-2F71B0213B8C}.Debug|Any CPU.Build.0 = Debug|Any CPU
		{40C441D6-0316-4586-A311-2F71B0213B8C}.Release|Any CPU.ActiveCfg = Release|Any CPU
		{40C441D6-0316-4586-A311-2F71B0213B8C}.Release|Any CPU.Build.0 = Release|Any CPU
	EndGlobalSection
	GlobalSection(SolutionProperties) = preSolution
		HideSolutionNode = FALSE
	EndGlobalSection
	GlobalSection(ExtensibilityGlobals) = postSolution
		SolutionGuid = {F8F18553-A797-42CB-B656-A0FBEE8C83DC}
	EndGlobalSection
EndGlobal
